
Microsoft Visual Studio Solution File, Format Version 12.00
# Visual Studio Version 17
VisualStudioVersion = 17.14.36121.58 d17.14
MinimumVisualStudioVersion = 10.0.40219.1
Project("{FAE04EC0-301F-11D3-BF4B-00C04F79EFBC}") = "WSBSD DragonBSD 6.4.2", "WSBSD DragonBSD 6.4.2\WSBSD DragonBSD 6.4.2.csproj", "{80A35619-80FA-443A-81A5-A31170981B29}"
EndProject
Global
	GlobalSection(SolutionConfigurationPlatforms) = preSolution
		Debug|Any CPU = Debug|Any CPU
		Release|Any CPU = Release|Any CPU
	EndGlobalSection
	GlobalSection(ProjectConfigurationPlatforms) = postSolution
		{80A35619-80FA-443A-81A5-A31170981B29}.Debug|Any CPU.ActiveCfg = Debug|Any CPU
		{80A35619-80FA-443A-81A5-A31170981B29}.Debug|Any CPU.Build.0 = Debug|Any CPU
		{80A35619-80FA-443A-81A5-A31170981B29}.Release|Any CPU.ActiveCfg = Release|Any CPU
		{80A35619-80FA-443A-81A5-A31170981B29}.Release|Any CPU.Build.0 = Release|Any CPU
	EndGlobalSection
	GlobalSection(SolutionProperties) = preSolution
		HideSolutionNode = FALSE
	EndGlobalSection
	GlobalSection(ExtensibilityGlobals) = postSolution
		SolutionGuid = {93AA4C85-D674-488E-82B3-866717DABDE7}
	EndGlobalSection
EndGlobal
